{
  "name": "liftoff",
  "version": "0.0.1",
  "lockfileVersion": 3,
  "requires": true,
  "packages": {
    "": {
      "name": "liftoff",
      "version": "0.0.1",
      "license": "MIT",
      "bin": {
        "liftoff": "index.js"
      },
      "devDependencies": {},
      "engines": {
        "node": ">=20"
      }
    }
  }
}
